
Microsoft Visual Studio Solution File, Format Version 12.00
Project("{FAE04EC0-301F-11D3-BF4B-00C04F79EFBC}") = "ChillViking.TestUtils.NUnit", "ChillViking.TestUtils.NUnit\ChillViking.TestUtils.NUnit.csproj", "{ED8FE041-B77C-41BD-AC6D-4194B0C994A0}"
EndProject
Project("{FAE04EC0-301F-11D3-BF4B-00C04F79EFBC}") = "ChillViking.TestUtils.NUnit.Tests", "ChillViking.TestUtils.NUnit.Tests\ChillViking.TestUtils.NUnit.Tests.csproj", "{77482575-D2B5-413A-8110-D6B3F2491839}"
EndProject
Project("{2150E333-8FDC-42A3-9474-1A3956D46DE8}") = "Other Files", "Other Files", "{372017D5-89C6-4FB5-8364-6EC005C0E904}"
EndProject
Project("{2150E333-8FDC-42A3-9474-1A3956D46DE8}") = "Pipelines", "Pipelines", "{EE13835E-CC39-4FD7-BB33-FD2D5DB3BCE1}"
	ProjectSection(SolutionItems) = preProject
		..\..\.github\workflows\sonarcloud-nuget-test-utils.yml = ..\..\.github\workflows\sonarcloud-nuget-test-utils.yml
	EndProjectSection
EndProject
Global
	GlobalSection(SolutionConfigurationPlatforms) = preSolution
		Debug|Any CPU = Debug|Any CPU
		Release|Any CPU = Release|Any CPU
	EndGlobalSection
	GlobalSection(ProjectConfigurationPlatforms) = postSolution
		{ED8FE041-B77C-41BD-AC6D-4194B0C994A0}.Debug|Any CPU.ActiveCfg = Debug|Any CPU
		{ED8FE041-B77C-41BD-AC6D-4194B0C994A0}.Debug|Any CPU.Build.0 = Debug|Any CPU
		{ED8FE041-B77C-41BD-AC6D-4194B0C994A0}.Release|Any CPU.ActiveCfg = Release|Any CPU
		{ED8FE041-B77C-41BD-AC6D-4194B0C994A0}.Release|Any CPU.Build.0 = Release|Any CPU
		{77482575-D2B5-413A-8110-D6B3F2491839}.Debug|Any CPU.ActiveCfg = Debug|Any CPU
		{77482575-D2B5-413A-8110-D6B3F2491839}.Debug|Any CPU.Build.0 = Debug|Any CPU
		{77482575-D2B5-413A-8110-D6B3F2491839}.Release|Any CPU.ActiveCfg = Release|Any CPU
		{77482575-D2B5-413A-8110-D6B3F2491839}.Release|Any CPU.Build.0 = Release|Any CPU
	EndGlobalSection
	GlobalSection(NestedProjects) = preSolution
		{EE13835E-CC39-4FD7-BB33-FD2D5DB3BCE1} = {372017D5-89C6-4FB5-8364-6EC005C0E904}
	EndGlobalSection
EndGlobal
